
Microsoft Visual Studio Solution File, Format Version 12.00
# Visual Studio Version 17
VisualStudioVersion = 17.11.35208.52
MinimumVisualStudioVersion = 10.0.40219.1
Project("{9A19103F-16F7-4668-BE54-9A1E7A4F7556}") = "FriendsManager.MVC", "FriendsManager.MVC\FriendsManager.MVC.csproj", "{A03BC2B4-5C6A-4BD0-AAC7-D8373F0A5092}"
EndProject
Project("{9A19103F-16F7-4668-BE54-9A1E7A4F7556}") = "FriendsManager.Model", "FriendsManager.Model\FriendsManager.Model.csproj", "{6BED9BAF-B1B1-4239-B8F4-4D53DC131BBA}"
EndProject
Global
	GlobalSection(SolutionConfigurationPlatforms) = preSolution
		Debug|Any CPU = Debug|Any CPU
		Release|Any CPU = Release|Any CPU
	EndGlobalSection
	GlobalSection(ProjectConfigurationPlatforms) = postSolution
		{A03BC2B4-5C6A-4BD0-AAC7-D8373F0A5092}.Debug|Any CPU.ActiveCfg = Debug|Any CPU
		{A03BC2B4-5C6A-4BD0-AAC7-D8373F0A5092}.Debug|Any CPU.Build.0 = Debug|Any CPU
		{A03BC2B4-5C6A-4BD0-AAC7-D8373F0A5092}.Release|Any CPU.ActiveCfg = Release|Any CPU
		{A03BC2B4-5C6A-4BD0-AAC7-D8373F0A5092}.Release|Any CPU.Build.0 = Release|Any CPU
		{6BED9BAF-B1B1-4239-B8F4-4D53DC131BBA}.Debug|Any CPU.ActiveCfg = Debug|Any CPU
		{6BED9BAF-B1B1-4239-B8F4-4D53DC131BBA}.Debug|Any CPU.Build.0 = Debug|Any CPU
		{6BED9BAF-B1B1-4239-B8F4-4D53DC131BBA}.Release|Any CPU.ActiveCfg = Release|Any CPU
		{6BED9BAF-B1B1-4239-B8F4-4D53DC131BBA}.Release|Any CPU.Build.0 = Release|Any CPU
	EndGlobalSection
	GlobalSection(SolutionProperties) = preSolution
		HideSolutionNode = FALSE
	EndGlobalSection
	GlobalSection(ExtensibilityGlobals) = postSolution
		SolutionGuid = {CE1ADB20-0C34-439F-AB4D-59BC82E7924B}
	EndGlobalSection
EndGlobal
